{
  "name": "karmakit",
  "version": "1.0.0",
  "lockfileVersion": 3,
  "requires": true,
  "packages": {
    "": {
      "name": "karmakit",
      "version": "1.0.0",
      "workspaces": [
        "apps/*",
        "packages/*"
      ]
    },
    "node_modules/karmakit": {
      "resolved": "packages/karmakit",
      "link": true
    },
    "packages/karmakit": {
      "version": "1.0.0",
      "license": "ISC"
    }
  }
}
